// !$*UTF8*$!
{
	archiveVersion = 1;
	classes = {
	};
	objectVersion = 55;
	objects = {

/* Begin PBXBuildFile section */
		9103C4CF276A281400921E81 /* SplashViewController.swift in Sources */ = {isa = PBXBuildFile; fileRef = 9103C4CE276A281400921E81 /* SplashViewController.swift */; };
		9103C4D1276A2A1D00921E81 /* FinalViewController.swift in Sources */ = {isa = PBXBuildFile; fileRef = 9103C4D0276A2A1D00921E81 /* FinalViewController.swift */; };
		9103C4D3276A36CB00921E81 /* StartView.swift in Sources */ = {isa = PBXBuildFile; fileRef = 9103C4D2276A36CB00921E81 /* StartView.swift */; };
		9103C4D5276A38B800921E81 /* SelectHandViewController.swift in Sources */ = {isa = PBXBuildFile; fileRef = 9103C4D4276A38B800921E81 /* SelectHandViewController.swift */; };
		9103C4D7276A397300921E81 /* SelectHandView.swift in Sources */ = {isa = PBXBuildFile; fileRef = 9103C4D6276A397300921E81 /* SelectHandView.swift */; };
		9103C4DA276A3B9800921E81 /* SelectHandsDelegation.swift in Sources */ = {isa = PBXBuildFile; fileRef = 9103C4D9276A3B9800921E81 /* SelectHandsDelegation.swift */; };
		91155A032760F4C00038D904 /* Game.swift in Sources */ = {isa = PBXBuildFile; fileRef = 91155A022760F4C00038D904 /* Game.swift */; };
		91155A07276208CB0038D904 /* GameScenePhysics.swift in Sources */ = {isa = PBXBuildFile; fileRef = 91155A06276208CB0038D904 /* GameScenePhysics.swift */; };
		913FFF1527746FB100C88CAF /* rozo-Regular.ttf in Resources */ = {isa = PBXBuildFile; fileRef = 913FFF10277450BA00C88CAF /* rozo-Regular.ttf */; };
		913FFF17277483E200C88CAF /* GeneralViewController.swift in Sources */ = {isa = PBXBuildFile; fileRef = 913FFF16277483E200C88CAF /* GeneralViewController.swift */; };
		913FFF1B27748B8000C88CAF /* Assets.xcassets in Resources */ = {isa = PBXBuildFile; fileRef = 916FCD09275658F1002CD0F5 /* Assets.xcassets */; };
		915222762763964100A623F4 /* GameView.swift in Sources */ = {isa = PBXBuildFile; fileRef = 915222752763964100A623F4 /* GameView.swift */; };
		915222792763A55900A623F4 /* HandAnimations.swift in Sources */ = {isa = PBXBuildFile; fileRef = 915222782763A55900A623F4 /* HandAnimations.swift */; };
		916FCCFD275658F0002CD0F5 /* AppDelegate.swift in Sources */ = {isa = PBXBuildFile; fileRef = 916FCCFC275658F0002CD0F5 /* AppDelegate.swift */; };
		916FCD03275658F0002CD0F5 /* GameScene.swift in Sources */ = {isa = PBXBuildFile; fileRef = 916FCD02275658F0002CD0F5 /* GameScene.swift */; };
		916FCD05275658F0002CD0F5 /* GameViewController.swift in Sources */ = {isa = PBXBuildFile; fileRef = 916FCD04275658F0002CD0F5 /* GameViewController.swift */; };
		916FCD08275658F0002CD0F5 /* Main.storyboard in Resources */ = {isa = PBXBuildFile; fileRef = 916FCD06275658F0002CD0F5 /* Main.storyboard */; };
		916FCD142756599A002CD0F5 /* StartViewController.swift in Sources */ = {isa = PBXBuildFile; fileRef = 916FCD132756599A002CD0F5 /* StartViewController.swift */; };
		916FCD1627566455002CD0F5 /* GameSceneTouches.swift in Sources */ = {isa = PBXBuildFile; fileRef = 916FCD1527566455002CD0F5 /* GameSceneTouches.swift */; };
		919BED692775EE570030612A /* MenuGameViewController.swift in Sources */ = {isa = PBXBuildFile; fileRef = 919BED682775EE570030612A /* MenuGameViewController.swift */; };
		919BED6B277604A50030612A /* FullVersionViewController.swift in Sources */ = {isa = PBXBuildFile; fileRef = 919BED6A277604A50030612A /* FullVersionViewController.swift */; };
		919BED6F277617B50030612A /* PriceManager.swift in Sources */ = {isa = PBXBuildFile; fileRef = 919BED6D277617B20030612A /* PriceManager.swift */; };
		919BED70277617B70030612A /* StoreManager.swift in Sources */ = {isa = PBXBuildFile; fileRef = 919BED6E277617B20030612A /* StoreManager.swift */; };
		919BED72277A0C3F0030612A /* MenuAppViewController.swift in Sources */ = {isa = PBXBuildFile; fileRef = 919BED71277A0C3F0030612A /* MenuAppViewController.swift */; };
		919BED7B277B279F0030612A /* SettingApp.swift in Sources */ = {isa = PBXBuildFile; fileRef = 919BED7A277B279F0030612A /* SettingApp.swift */; };
		919BED85277B2A0F0030612A /* Sound.swift in Sources */ = {isa = PBXBuildFile; fileRef = 919BED84277B2A0F0030612A /* Sound.swift */; };
		919BED89277B2E530030612A /* wet_towel_on_body-13.flac in Resources */ = {isa = PBXBuildFile; fileRef = 919BED88277B2E530030612A /* wet_towel_on_body-13.flac */; };
		919BED8B277B2E5B0030612A /* wet_towel_on_body-14.flac in Resources */ = {isa = PBXBuildFile; fileRef = 919BED8A277B2E5B0030612A /* wet_towel_on_body-14.flac */; };
		919BED8D277B2E6A0030612A /* wet_towel_on_body-17.flac in Resources */ = {isa = PBXBuildFile; fileRef = 919BED8C277B2E6A0030612A /* wet_towel_on_body-17.flac */; };
		919BED8F277B2E720030612A /* wet_towel_on_body-18.flac in Resources */ = {isa = PBXBuildFile; fileRef = 919BED8E277B2E720030612A /* wet_towel_on_body-18.flac */; };
		91A379C02770570200018F20 /* HandCell.swift in Sources */ = {isa = PBXBuildFile; fileRef = 91A379BF2770570200018F20 /* HandCell.swift */; };
		91A379C3277068AC00018F20 /* Hand.swift in Sources */ = {isa = PBXBuildFile; fileRef = 91A379C2277068AC00018F20 /* Hand.swift */; };
		91C7EAD22774B43C00343C7C /* StartBannerGoogleAds.swift in Sources */ = {isa = PBXBuildFile; fileRef = 91C7EAD12774B43C00343C7C /* StartBannerGoogleAds.swift */; };
		DDCF638C82E616A0C7C97524 /* Pods_Hand_Slap.framework in Frameworks */ = {isa = PBXBuildFile; fileRef = 00042A9DCB2CE91122209380 /* Pods_Hand_Slap.framework */; };
/* End PBXBuildFile section */

/* Begin PBXFileReference section */
		00042A9DCB2CE91122209380 /* Pods_Hand_Slap.framework */ = {isa = PBXFileReference; explicitFileType = wrapper.framework; includeInIndex = 0; path = Pods_Hand_Slap.framework; sourceTree = BUILT_PRODUCTS_DIR; };
		9103C4CE276A281400921E81 /* SplashViewController.swift */ = {isa = PBXFileReference; lastKnownFileType = sourcecode.swift; path = SplashViewController.swift; sourceTree = "<group>"; };
		9103C4D0276A2A1D00921E81 /* FinalViewController.swift */ = {isa = PBXFileReference; lastKnownFileType = sourcecode.swift; path = FinalViewController.swift; sourceTree = "<group>"; };
		9103C4D2276A36CB00921E81 /* StartView.swift */ = {isa = PBXFileReference; lastKnownFileType = sourcecode.swift; path = StartView.swift; sourceTree = "<group>"; };
		9103C4D4276A38B800921E81 /* SelectHandViewController.swift */ = {isa = PBXFileReference; lastKnownFileType = sourcecode.swift; path = SelectHandViewController.swift; sourceTree = "<group>"; };
		9103C4D6276A397300921E81 /* SelectHandView.swift */ = {isa = PBXFileReference; lastKnownFileType = sourcecode.swift; path = SelectHandView.swift; sourceTree = "<group>"; };
		9103C4D9276A3B9800921E81 /* SelectHandsDelegation.swift */ = {isa = PBXFileReference; lastKnownFileType = sourcecode.swift; path = SelectHandsDelegation.swift; sourceTree = "<group>"; };
		91155A022760F4C00038D904 /* Game.swift */ = {isa = PBXFileReference; lastKnownFileType = sourcecode.swift; path = Game.swift; sourceTree = "<group>"; };
		91155A06276208CB0038D904 /* GameScenePhysics.swift */ = {isa = PBXFileReference; lastKnownFileType = sourcecode.swift; path = GameScenePhysics.swift; sourceTree = "<group>"; };
		913FFF10277450BA00C88CAF /* rozo-Regular.ttf */ = {isa = PBXFileReference; lastKnownFileType = file; path = "rozo-Regular.ttf"; sourceTree = "<group>"; };
		913FFF1127746EF900C88CAF /* Hand-Slap-Info.plist */ = {isa = PBXFileReference; lastKnownFileType = text.plist; path = "Hand-Slap-Info.plist"; sourceTree = "<group>"; };
		913FFF16277483E200C88CAF /* GeneralViewController.swift */ = {isa = PBXFileReference; lastKnownFileType = sourcecode.swift; path = GeneralViewController.swift; sourceTree = "<group>"; };
		915222752763964100A623F4 /* GameView.swift */ = {isa = PBXFileReference; lastKnownFileType = sourcecode.swift; path = GameView.swift; sourceTree = "<group>"; };
		915222782763A55900A623F4 /* HandAnimations.swift */ = {isa = PBXFileReference; lastKnownFileType = sourcecode.swift; path = HandAnimations.swift; sourceTree = "<group>"; };
		916FCCF9275658F0002CD0F5 /* Hand Slap.app */ = {isa = PBXFileReference; explicitFileType = wrapper.application; includeInIndex = 0; path = "Hand Slap.app"; sourceTree = BUILT_PRODUCTS_DIR; };
		916FCCFC275658F0002CD0F5 /* AppDelegate.swift */ = {isa = PBXFileReference; lastKnownFileType = sourcecode.swift; path = AppDelegate.swift; sourceTree = "<group>"; };
		916FCD02275658F0002CD0F5 /* GameScene.swift */ = {isa = PBXFileReference; lastKnownFileType = sourcecode.swift; path = GameScene.swift; sourceTree = "<group>"; };
		916FCD04275658F0002CD0F5 /* GameViewController.swift */ = {isa = PBXFileReference; lastKnownFileType = sourcecode.swift; path = GameViewController.swift; sourceTree = "<group>"; };
		916FCD07275658F0002CD0F5 /* Base */ = {isa = PBXFileReference; lastKnownFileType = file.storyboard; name = Base; path = Base.lproj/Main.storyboard; sourceTree = "<group>"; };
		916FCD09275658F1002CD0F5 /* Assets.xcassets */ = {isa = PBXFileReference; lastKnownFileType = folder.assetcatalog; path = Assets.xcassets; sourceTree = "<group>"; };
		916FCD132756599A002CD0F5 /* StartViewController.swift */ = {isa = PBXFileReference; lastKnownFileType = sourcecode.swift; path = StartViewController.swift; sourceTree = "<group>"; };
		916FCD1527566455002CD0F5 /* GameSceneTouches.swift */ = {isa = PBXFileReference; lastKnownFileType = sourcecode.swift; path = GameSceneTouches.swift; sourceTree = "<group>"; };
		919BED682775EE570030612A /* MenuGameViewController.swift */ = {isa = PBXFileReference; lastKnownFileType = sourcecode.swift; path = MenuGameViewController.swift; sourceTree = "<group>"; };
		919BED6A277604A50030612A /* FullVersionViewController.swift */ = {isa = PBXFileReference; lastKnownFileType = sourcecode.swift; path = FullVersionViewController.swift; sourceTree = "<group>"; };
		919BED6D277617B20030612A /* PriceManager.swift */ = {isa = PBXFileReference; lastKnownFileType = sourcecode.swift; path = PriceManager.swift; sourceTree = "<group>"; };
		919BED6E277617B20030612A /* StoreManager.swift */ = {isa = PBXFileReference; lastKnownFileType = sourcecode.swift; path = StoreManager.swift; sourceTree = "<group>"; };
		919BED71277A0C3F0030612A /* MenuAppViewController.swift */ = {isa = PBXFileReference; lastKnownFileType = sourcecode.swift; path = MenuAppViewController.swift; sourceTree = "<group>"; };
		919BED7A277B279F0030612A /* SettingApp.swift */ = {isa = PBXFileReference; lastKnownFileType = sourcecode.swift; path = SettingApp.swift; sourceTree = "<group>"; };
		919BED84277B2A0F0030612A /* Sound.swift */ = {isa = PBXFileReference; lastKnownFileType = sourcecode.swift; path = Sound.swift; sourceTree = "<group>"; };
		919BED88277B2E530030612A /* wet_towel_on_body-13.flac */ = {isa = PBXFileReference; lastKnownFileType = file; path = "wet_towel_on_body-13.flac"; sourceTree = "<group>"; };
		919BED8A277B2E5B0030612A /* wet_towel_on_body-14.flac */ = {isa = PBXFileReference; lastKnownFileType = file; path = "wet_towel_on_body-14.flac"; sourceTree = "<group>"; };
		919BED8C277B2E6A0030612A /* wet_towel_on_body-17.flac */ = {isa = PBXFileReference; lastKnownFileType = file; path = "wet_towel_on_body-17.flac"; sourceTree = "<group>"; };
		919BED8E277B2E720030612A /* wet_towel_on_body-18.flac */ = {isa = PBXFileReference; lastKnownFileType = file; path = "wet_towel_on_body-18.flac"; sourceTree = "<group>"; };
		91A379BF2770570200018F20 /* HandCell.swift */ = {isa = PBXFileReference; lastKnownFileType = sourcecode.swift; path = HandCell.swift; sourceTree = "<group>"; };
		91A379C2277068AC00018F20 /* Hand.swift */ = {isa = PBXFileReference; lastKnownFileType = sourcecode.swift; path = Hand.swift; sourceTree = "<group>"; };
		91C7EAD12774B43C00343C7C /* StartBannerGoogleAds.swift */ = {isa = PBXFileReference; lastKnownFileType = sourcecode.swift; path = StartBannerGoogleAds.swift; sourceTree = "<group>"; };
		B0E8ACBE042754D0C09C9149 /* Pods-Hand Slap.debug.xcconfig */ = {isa = PBXFileReference; includeInIndex = 1; lastKnownFileType = text.xcconfig; name = "Pods-Hand Slap.debug.xcconfig"; path = "Target Support Files/Pods-Hand Slap/Pods-Hand Slap.debug.xcconfig"; sourceTree = "<group>"; };
		D068024059D55323037CFCDE /* Pods-Hand Slap.release.xcconfig */ = {isa = PBXFileReference; includeInIndex = 1; lastKnownFileType = text.xcconfig; name = "Pods-Hand Slap.release.xcconfig"; path = "Target Support Files/Pods-Hand Slap/Pods-Hand Slap.release.xcconfig"; sourceTree = "<group>"; };
/* End PBXFileReference section */

/* Begin PBXFrameworksBuildPhase section */
		916FCCF6275658F0002CD0F5 /* Frameworks */ = {
			isa = PBXFrameworksBuildPhase;
			buildActionMask = 2147483647;
			files = (
				DDCF638C82E616A0C7C97524 /* Pods_Hand_Slap.framework in Frameworks */,
			);
			runOnlyForDeploymentPostprocessing = 0;
		};
/* End PBXFrameworksBuildPhase section */

/* Begin PBXGroup section */
		9103C4D8276A3AB300921E81 /* SelectHandViewController */ = {
			isa = PBXGroup;
			children = (
				9103C4D4276A38B800921E81 /* SelectHandViewController.swift */,
				9103C4D9276A3B9800921E81 /* SelectHandsDelegation.swift */,
			);
			path = SelectHandViewController;
			sourceTree = "<group>";
		};
		91155A012760F4AE0038D904 /* Models */ = {
			isa = PBXGroup;
			children = (
				91A379C2277068AC00018F20 /* Hand.swift */,
				91155A022760F4C00038D904 /* Game.swift */,
			);
			path = Models;
			sourceTree = "<group>";
		};
		91155A0827620B1B0038D904 /* GameScene */ = {
			isa = PBXGroup;
			children = (
				916FCD02275658F0002CD0F5 /* GameScene.swift */,
				91155A06276208CB0038D904 /* GameScenePhysics.swift */,
				916FCD1527566455002CD0F5 /* GameSceneTouches.swift */,
				915222782763A55900A623F4 /* HandAnimations.swift */,
			);
			path = GameScene;
			sourceTree = "<group>";
		};
		913FFF1227746F4100C88CAF /* Resourses */ = {
			isa = PBXGroup;
			children = (
				919BED88277B2E530030612A /* wet_towel_on_body-13.flac */,
				919BED8A277B2E5B0030612A /* wet_towel_on_body-14.flac */,
				919BED8C277B2E6A0030612A /* wet_towel_on_body-17.flac */,
				919BED8E277B2E720030612A /* wet_towel_on_body-18.flac */,
				916FCD09275658F1002CD0F5 /* Assets.xcassets */,
				913FFF1327746F5500C88CAF /* Fonts */,
			);
			path = Resourses;
			sourceTree = "<group>";
		};
		913FFF1327746F5500C88CAF /* Fonts */ = {
			isa = PBXGroup;
			children = (
				913FFF10277450BA00C88CAF /* rozo-Regular.ttf */,
			);
			path = Fonts;
			sourceTree = "<group>";
		};
		913FFF182774848F00C88CAF /* Controllers */ = {
			isa = PBXGroup;
			children = (
				913FFF16277483E200C88CAF /* GeneralViewController.swift */,
				9103C4CE276A281400921E81 /* SplashViewController.swift */,
				91C7EAD32774B49200343C7C /* StartViewController */,
				9103C4D8276A3AB300921E81 /* SelectHandViewController */,
				916FCD04275658F0002CD0F5 /* GameViewController.swift */,
				9103C4D0276A2A1D00921E81 /* FinalViewController.swift */,
				919BED682775EE570030612A /* MenuGameViewController.swift */,
				919BED71277A0C3F0030612A /* MenuAppViewController.swift */,
				919BED6A277604A50030612A /* FullVersionViewController.swift */,
			);
			path = Controllers;
			sourceTree = "<group>";
		};
		915222772763965100A623F4 /* Views */ = {
			isa = PBXGroup;
			children = (
				9103C4D2276A36CB00921E81 /* StartView.swift */,
				9103C4D6276A397300921E81 /* SelectHandView.swift */,
				915222752763964100A623F4 /* GameView.swift */,
			);
			path = Views;
			sourceTree = "<group>";
		};
		916FCCF0275658F0002CD0F5 = {
			isa = PBXGroup;
			children = (
				913FFF1127746EF900C88CAF /* Hand-Slap-Info.plist */,
				916FCCFB275658F0002CD0F5 /* slap */,
				916FCCFA275658F0002CD0F5 /* Products */,
				B19529F8C9EC58FFA89D1681 /* Frameworks */,
				F0ABCE278CD30F0225B5EA9A /* Pods */,
			);
			sourceTree = "<group>";
		};
		916FCCFA275658F0002CD0F5 /* Products */ = {
			isa = PBXGroup;
			children = (
				916FCCF9275658F0002CD0F5 /* Hand Slap.app */,
			);
			name = Products;
			sourceTree = "<group>";
		};
		916FCCFB275658F0002CD0F5 /* slap */ = {
			isa = PBXGroup;
			children = (
				916FCCFC275658F0002CD0F5 /* AppDelegate.swift */,
				916FCD06275658F0002CD0F5 /* Main.storyboard */,
				91155A012760F4AE0038D904 /* Models */,
				91155A0827620B1B0038D904 /* GameScene */,
				91A379C12770570500018F20 /* Cells */,
				915222772763965100A623F4 /* Views */,
				913FFF182774848F00C88CAF /* Controllers */,
				919BED6C2776179F0030612A /* Managers */,
				919BED77277A0FA30030612A /* Utils */,
				913FFF1227746F4100C88CAF /* Resourses */,
			);
			name = slap;
			path = handSlap;
			sourceTree = "<group>";
		};
		919BED6C2776179F0030612A /* Managers */ = {
			isa = PBXGroup;
			children = (
				919BED6D277617B20030612A /* PriceManager.swift */,
				919BED6E277617B20030612A /* StoreManager.swift */,
			);
			path = Managers;
			sourceTree = "<group>";
		};
		919BED77277A0FA30030612A /* Utils */ = {
			isa = PBXGroup;
			children = (
				919BED7A277B279F0030612A /* SettingApp.swift */,
				919BED84277B2A0F0030612A /* Sound.swift */,
			);
			path = Utils;
			sourceTree = "<group>";
		};
		91A379C12770570500018F20 /* Cells */ = {
			isa = PBXGroup;
			children = (
				91A379BF2770570200018F20 /* HandCell.swift */,
			);
			path = Cells;
			sourceTree = "<group>";
		};
		91C7EAD32774B49200343C7C /* StartViewController */ = {
			isa = PBXGroup;
			children = (
				916FCD132756599A002CD0F5 /* StartViewController.swift */,
				91C7EAD12774B43C00343C7C /* StartBannerGoogleAds.swift */,
			);
			path = StartViewController;
			sourceTree = "<group>";
		};
		B19529F8C9EC58FFA89D1681 /* Frameworks */ = {
			isa = PBXGroup;
			children = (
				00042A9DCB2CE91122209380 /* Pods_Hand_Slap.framework */,
			);
			name = Frameworks;
			sourceTree = "<group>";
		};
		F0ABCE278CD30F0225B5EA9A /* Pods */ = {
			isa = PBXGroup;
			children = (
				B0E8ACBE042754D0C09C9149 /* Pods-Hand Slap.debug.xcconfig */,
				D068024059D55323037CFCDE /* Pods-Hand Slap.release.xcconfig */,
			);
			path = Pods;
			sourceTree = "<group>";
		};
/* End PBXGroup section */

/* Begin PBXNativeTarget section */
		916FCCF8275658F0002CD0F5 /* Hand Slap */ = {
			isa = PBXNativeTarget;
			buildConfigurationList = 916FCD10275658F1002CD0F5 /* Build configuration list for PBXNativeTarget "Hand Slap" */;
			buildPhases = (
				0329AD792245C319095A37D5 /* [CP] Check Pods Manifest.lock */,
				916FCCF5275658F0002CD0F5 /* Sources */,
				916FCCF6275658F0002CD0F5 /* Frameworks */,
				916FCCF7275658F0002CD0F5 /* Resources */,
				C73A02217A9CD6EA7AAC347A /* [CP] Embed Pods Frameworks */,
			);
			buildRules = (
			);
			dependencies = (
			);
			name = "Hand Slap";
			productName = slap;
			productReference = 916FCCF9275658F0002CD0F5 /* Hand Slap.app */;
			productType = "com.apple.product-type.application";
		};
/* End PBXNativeTarget section */

/* Begin PBXProject section */
		916FCCF1275658F0002CD0F5 /* Project object */ = {
			isa = PBXProject;
			attributes = {
				BuildIndependentTargetsInParallel = 1;
				LastSwiftUpdateCheck = 1310;
				LastUpgradeCheck = 1310;
				TargetAttributes = {
					916FCCF8275658F0002CD0F5 = {
						CreatedOnToolsVersion = 13.1;
					};
				};
			};
			buildConfigurationList = 916FCCF4275658F0002CD0F5 /* Build configuration list for PBXProject "Hand Slap" */;
			compatibilityVersion = "Xcode 13.0";
			developmentRegion = en;
			hasScannedForEncodings = 0;
			knownRegions = (
				en,
				Base,
			);
			mainGroup = 916FCCF0275658F0002CD0F5;
			productRefGroup = 916FCCFA275658F0002CD0F5 /* Products */;
			projectDirPath = "";
			projectRoot = "";
			targets = (
				916FCCF8275658F0002CD0F5 /* Hand Slap */,
			);
		};
/* End PBXProject section */

/* Begin PBXResourcesBuildPhase section */
		916FCCF7275658F0002CD0F5 /* Resources */ = {
			isa = PBXResourcesBuildPhase;
			buildActionMask = 2147483647;
			files = (
				913FFF1527746FB100C88CAF /* rozo-Regular.ttf in Resources */,
				919BED89277B2E530030612A /* wet_towel_on_body-13.flac in Resources */,
				919BED8B277B2E5B0030612A /* wet_towel_on_body-14.flac in Resources */,
				919BED8D277B2E6A0030612A /* wet_towel_on_body-17.flac in Resources */,
				913FFF1B27748B8000C88CAF /* Assets.xcassets in Resources */,
				919BED8F277B2E720030612A /* wet_towel_on_body-18.flac in Resources */,
				916FCD08275658F0002CD0F5 /* Main.storyboard in Resources */,
			);
			runOnlyForDeploymentPostprocessing = 0;
		};
/* End PBXResourcesBuildPhase section */

/* Begin PBXShellScriptBuildPhase section */
		0329AD792245C319095A37D5 /* [CP] Check Pods Manifest.lock */ = {
			isa = PBXShellScriptBuildPhase;
			buildActionMask = 2147483647;
			files = (
			);
			inputFileListPaths = (
			);
			inputPaths = (
				"${PODS_PODFILE_DIR_PATH}/Podfile.lock",
				"${PODS_ROOT}/Manifest.lock",
			);
			name = "[CP] Check Pods Manifest.lock";
			outputFileListPaths = (
			);
			outputPaths = (
				"$(DERIVED_FILE_DIR)/Pods-Hand Slap-checkManifestLockResult.txt",
			);
			runOnlyForDeploymentPostprocessing = 0;
			shellPath = /bin/sh;
			shellScript = "diff \"${PODS_PODFILE_DIR_PATH}/Podfile.lock\" \"${PODS_ROOT}/Manifest.lock\" > /dev/null\nif [ $? != 0 ] ; then\n    # print error to STDERR\n    echo \"error: The sandbox is not in sync with the Podfile.lock. Run 'pod install' or update your CocoaPods installation.\" >&2\n    exit 1\nfi\n# This output is used by Xcode 'outputs' to avoid re-running this script phase.\necho \"SUCCESS\" > \"${SCRIPT_OUTPUT_FILE_0}\"\n";
			showEnvVarsInLog = 0;
		};
		C73A02217A9CD6EA7AAC347A /* [CP] Embed Pods Frameworks */ = {
			isa = PBXShellScriptBuildPhase;
			buildActionMask = 2147483647;
			files = (
			);
			inputFileListPaths = (
				"${PODS_ROOT}/Target Support Files/Pods-Hand Slap/Pods-Hand Slap-frameworks-${CONFIGURATION}-input-files.xcfilelist",
			);
			name = "[CP] Embed Pods Frameworks";
			outputFileListPaths = (
				"${PODS_ROOT}/Target Support Files/Pods-Hand Slap/Pods-Hand Slap-frameworks-${CONFIGURATION}-output-files.xcfilelist",
			);
			runOnlyForDeploymentPostprocessing = 0;
			shellPath = /bin/sh;
			shellScript = "\"${PODS_ROOT}/Target Support Files/Pods-Hand Slap/Pods-Hand Slap-frameworks.sh\"\n";
			showEnvVarsInLog = 0;
		};
/* End PBXShellScriptBuildPhase section */

/* Begin PBXSourcesBuildPhase section */
		916FCCF5275658F0002CD0F5 /* Sources */ = {
			isa = PBXSourcesBuildPhase;
			buildActionMask = 2147483647;
			files = (
				916FCD03275658F0002CD0F5 /* GameScene.swift in Sources */,
				919BED70277617B70030612A /* StoreManager.swift in Sources */,
				91155A032760F4C00038D904 /* Game.swift in Sources */,
				9103C4D3276A36CB00921E81 /* StartView.swift in Sources */,
				91A379C3277068AC00018F20 /* Hand.swift in Sources */,
				919BED692775EE570030612A /* MenuGameViewController.swift in Sources */,
				916FCD142756599A002CD0F5 /* StartViewController.swift in Sources */,
				919BED72277A0C3F0030612A /* MenuAppViewController.swift in Sources */,
				91155A07276208CB0038D904 /* GameScenePhysics.swift in Sources */,
				9103C4DA276A3B9800921E81 /* SelectHandsDelegation.swift in Sources */,
				9103C4D7276A397300921E81 /* SelectHandView.swift in Sources */,
				919BED6B277604A50030612A /* FullVersionViewController.swift in Sources */,
				919BED7B277B279F0030612A /* SettingApp.swift in Sources */,
				919BED85277B2A0F0030612A /* Sound.swift in Sources */,
				91A379C02770570200018F20 /* HandCell.swift in Sources */,
				91C7EAD22774B43C00343C7C /* StartBannerGoogleAds.swift in Sources */,
				9103C4D1276A2A1D00921E81 /* FinalViewController.swift in Sources */,
				913FFF17277483E200C88CAF /* GeneralViewController.swift in Sources */,
				916FCD05275658F0002CD0F5 /* GameViewController.swift in Sources */,
				916FCD1627566455002CD0F5 /* GameSceneTouches.swift in Sources */,
				9103C4D5276A38B800921E81 /* SelectHandViewController.swift in Sources */,
				915222762763964100A623F4 /* GameView.swift in Sources */,
				916FCCFD275658F0002CD0F5 /* AppDelegate.swift in Sources */,
				915222792763A55900A623F4 /* HandAnimations.swift in Sources */,
				9103C4CF276A281400921E81 /* SplashViewController.swift in Sources */,
				919BED6F277617B50030612A /* PriceManager.swift in Sources */,
			);
			runOnlyForDeploymentPostprocessing = 0;
		};
/* End PBXSourcesBuildPhase section */

/* Begin PBXVariantGroup section */
		916FCD06275658F0002CD0F5 /* Main.storyboard */ = {
			isa = PBXVariantGroup;
			children = (
				916FCD07275658F0002CD0F5 /* Base */,
			);
			name = Main.storyboard;
			sourceTree = "<group>";
		};
/* End PBXVariantGroup section */

/* Begin XCBuildConfiguration section */
		916FCD0E275658F1002CD0F5 /* Debug */ = {
			isa = XCBuildConfiguration;
			buildSettings = {
				ALWAYS_SEARCH_USER_PATHS = NO;
				CLANG_ANALYZER_NONNULL = YES;
				CLANG_ANALYZER_NUMBER_OBJECT_CONVERSION = YES_AGGRESSIVE;
				CLANG_CXX_LANGUAGE_STANDARD = "gnu++17";
				CLANG_CXX_LIBRARY = "libc++";
				CLANG_ENABLE_MODULES = YES;
				CLANG_ENABLE_OBJC_ARC = YES;
				CLANG_ENABLE_OBJC_WEAK = YES;
				CLANG_WARN_BLOCK_CAPTURE_AUTORELEASING = YES;
				CLANG_WARN_BOOL_CONVERSION = YES;
				CLANG_WARN_COMMA = YES;
				CLANG_WARN_CONSTANT_CONVERSION = YES;
				CLANG_WARN_DEPRECATED_OBJC_IMPLEMENTATIONS = YES;
				CLANG_WARN_DIRECT_OBJC_ISA_USAGE = YES_ERROR;
				CLANG_WARN_DOCUMENTATION_COMMENTS = YES;
				CLANG_WARN_EMPTY_BODY = YES;
				CLANG_WARN_ENUM_CONVERSION = YES;
				CLANG_WARN_INFINITE_RECURSION = YES;
				CLANG_WARN_INT_CONVERSION = YES;
				CLANG_WARN_NON_LITERAL_NULL_CONVERSION = YES;
				CLANG_WARN_OBJC_IMPLICIT_RETAIN_SELF = YES;
				CLANG_WARN_OBJC_LITERAL_CONVERSION = YES;
				CLANG_WARN_OBJC_ROOT_CLASS = YES_ERROR;
				CLANG_WARN_QUOTED_INCLUDE_IN_FRAMEWORK_HEADER = YES;
				CLANG_WARN_RANGE_LOOP_ANALYSIS = YES;
				CLANG_WARN_STRICT_PROTOTYPES = YES;
				CLANG_WARN_SUSPICIOUS_MOVE = YES;
				CLANG_WARN_UNGUARDED_AVAILABILITY = YES_AGGRESSIVE;
				CLANG_WARN_UNREACHABLE_CODE = YES;
				CLANG_WARN__DUPLICATE_METHOD_MATCH = YES;
				COPY_PHASE_STRIP = NO;
				DEBUG_INFORMATION_FORMAT = dwarf;
				ENABLE_STRICT_OBJC_MSGSEND = YES;
				ENABLE_TESTABILITY = YES;
				GCC_C_LANGUAGE_STANDARD = gnu11;
				GCC_DYNAMIC_NO_PIC = NO;
				GCC_NO_COMMON_BLOCKS = YES;
				GCC_OPTIMIZATION_LEVEL = 0;
				GCC_PREPROCESSOR_DEFINITIONS = (
					"DEBUG=1",
					"$(inherited)",
				);
				GCC_WARN_64_TO_32_BIT_CONVERSION = YES;
				GCC_WARN_ABOUT_RETURN_TYPE = YES_ERROR;
				GCC_WARN_UNDECLARED_SELECTOR = YES;
				GCC_WARN_UNINITIALIZED_AUTOS = YES_AGGRESSIVE;
				GCC_WARN_UNUSED_FUNCTION = YES;
				GCC_WARN_UNUSED_VARIABLE = YES;
				IPHONEOS_DEPLOYMENT_TARGET = 15.0;
				MTL_ENABLE_DEBUG_INFO = INCLUDE_SOURCE;
				MTL_FAST_MATH = YES;
				ONLY_ACTIVE_ARCH = YES;
				SDKROOT = iphoneos;
				SWIFT_ACTIVE_COMPILATION_CONDITIONS = DEBUG;
				SWIFT_OPTIMIZATION_LEVEL = "-Onone";
			};
			name = Debug;
		};
		916FCD0F275658F1002CD0F5 /* Release */ = {
			isa = XCBuildConfiguration;
			buildSettings = {
				ALWAYS_SEARCH_USER_PATHS = NO;
				CLANG_ANALYZER_NONNULL = YES;
				CLANG_ANALYZER_NUMBER_OBJECT_CONVERSION = YES_AGGRESSIVE;
				CLANG_CXX_LANGUAGE_STANDARD = "gnu++17";
				CLANG_CXX_LIBRARY = "libc++";
				CLANG_ENABLE_MODULES = YES;
				CLANG_ENABLE_OBJC_ARC = YES;
				CLANG_ENABLE_OBJC_WEAK = YES;
				CLANG_WARN_BLOCK_CAPTURE_AUTORELEASING = YES;
				CLANG_WARN_BOOL_CONVERSION = YES;
				CLANG_WARN_COMMA = YES;
				CLANG_WARN_CONSTANT_CONVERSION = YES;
				CLANG_WARN_DEPRECATED_OBJC_IMPLEMENTATIONS = YES;
				CLANG_WARN_DIRECT_OBJC_ISA_USAGE = YES_ERROR;
				CLANG_WARN_DOCUMENTATION_COMMENTS = YES;
				CLANG_WARN_EMPTY_BODY = YES;
				CLANG_WARN_ENUM_CONVERSION = YES;
				CLANG_WARN_INFINITE_RECURSION = YES;
				CLANG_WARN_INT_CONVERSION = YES;
				CLANG_WARN_NON_LITERAL_NULL_CONVERSION = YES;
				CLANG_WARN_OBJC_IMPLICIT_RETAIN_SELF = YES;
				CLANG_WARN_OBJC_LITERAL_CONVERSION = YES;
				CLANG_WARN_OBJC_ROOT_CLASS = YES_ERROR;
				CLANG_WARN_QUOTED_INCLUDE_IN_FRAMEWORK_HEADER = YES;
				CLANG_WARN_RANGE_LOOP_ANALYSIS = YES;
				CLANG_WARN_STRICT_PROTOTYPES = YES;
				CLANG_WARN_SUSPICIOUS_MOVE = YES;
				CLANG_WARN_UNGUARDED_AVAILABILITY = YES_AGGRESSIVE;
				CLANG_WARN_UNREACHABLE_CODE = YES;
				CLANG_WARN__DUPLICATE_METHOD_MATCH = YES;
				COPY_PHASE_STRIP = NO;
				DEBUG_INFORMATION_FORMAT = "dwarf-with-dsym";
				ENABLE_NS_ASSERTIONS = NO;
				ENABLE_STRICT_OBJC_MSGSEND = YES;
				GCC_C_LANGUAGE_STANDARD = gnu11;
				GCC_NO_COMMON_BLOCKS = YES;
				GCC_WARN_64_TO_32_BIT_CONVERSION = YES;
				GCC_WARN_ABOUT_RETURN_TYPE = YES_ERROR;
				GCC_WARN_UNDECLARED_SELECTOR = YES;
				GCC_WARN_UNINITIALIZED_AUTOS = YES_AGGRESSIVE;
				GCC_WARN_UNUSED_FUNCTION = YES;
				GCC_WARN_UNUSED_VARIABLE = YES;
				IPHONEOS_DEPLOYMENT_TARGET = 15.0;
				MTL_ENABLE_DEBUG_INFO = NO;
				MTL_FAST_MATH = YES;
				SDKROOT = iphoneos;
				SWIFT_COMPILATION_MODE = wholemodule;
				SWIFT_OPTIMIZATION_LEVEL = "-O";
				VALIDATE_PRODUCT = YES;
			};
			name = Release;
		};
		916FCD11275658F1002CD0F5 /* Debug */ = {
			isa = XCBuildConfiguration;
			baseConfigurationReference = B0E8ACBE042754D0C09C9149 /* Pods-Hand Slap.debug.xcconfig */;
			buildSettings = {
				ASSETCATALOG_COMPILER_APPICON_NAME = AppIcon;
				ASSETCATALOG_COMPILER_GLOBAL_ACCENT_COLOR_NAME = AccentColor;
				CODE_SIGN_STYLE = Automatic;
				CURRENT_PROJECT_VERSION = 1;
				DEVELOPMENT_TEAM = MKHF2R38BL;
				GENERATE_INFOPLIST_FILE = YES;
				INFOPLIST_FILE = "Hand-Slap-Info.plist";
				INFOPLIST_KEY_UIApplicationSupportsIndirectInputEvents = YES;
				INFOPLIST_KEY_UILaunchStoryboardName = Main;
				INFOPLIST_KEY_UIMainStoryboardFile = Main;
				INFOPLIST_KEY_UIStatusBarHidden = YES;
				INFOPLIST_KEY_UISupportedInterfaceOrientations = UIInterfaceOrientationPortrait;
				INFOPLIST_KEY_UISupportedInterfaceOrientations_iPad = "UIInterfaceOrientationPortrait UIInterfaceOrientationPortraitUpsideDown UIInterfaceOrientationLandscapeLeft UIInterfaceOrientationLandscapeRight";
				INFOPLIST_KEY_UISupportedInterfaceOrientations_iPhone = "UIInterfaceOrientationPortrait UIInterfaceOrientationLandscapeLeft UIInterfaceOrientationLandscapeRight";
				IPHONEOS_DEPLOYMENT_TARGET = 13.0;
				LD_RUNPATH_SEARCH_PATHS = (
					"$(inherited)",
					"@executable_path/Frameworks",
				);
				MARKETING_VERSION = 1.0;
				PRODUCT_BUNDLE_IDENTIFIER = com.alekseydolinin.slap;
				PRODUCT_NAME = "Hand Slap";
				SWIFT_EMIT_LOC_STRINGS = YES;
				SWIFT_VERSION = 5.0;
				TARGETED_DEVICE_FAMILY = 1;
			};
			name = Debug;
		};
		916FCD12275658F1002CD0F5 /* Release */ = {
			isa = XCBuildConfiguration;
			baseConfigurationReference = D068024059D55323037CFCDE /* Pods-Hand Slap.release.xcconfig */;
			buildSettings = {
				ASSETCATALOG_COMPILER_APPICON_NAME = AppIcon;
				ASSETCATALOG_COMPILER_GLOBAL_ACCENT_COLOR_NAME = AccentColor;
				CODE_SIGN_STYLE = Automatic;
				CURRENT_PROJECT_VERSION = 1;
				DEVELOPMENT_TEAM = MKHF2R38BL;
				GENERATE_INFOPLIST_FILE = YES;
				INFOPLIST_FILE = "Hand-Slap-Info.plist";
				INFOPLIST_KEY_UIApplicationSupportsIndirectInputEvents = YES;
				INFOPLIST_KEY_UILaunchStoryboardName = Main;
				INFOPLIST_KEY_UIMainStoryboardFile = Main;
				INFOPLIST_KEY_UIStatusBarHidden = YES;
				INFOPLIST_KEY_UISupportedInterfaceOrientations = UIInterfaceOrientationPortrait;
				INFOPLIST_KEY_UISupportedInterfaceOrientations_iPad = "UIInterfaceOrientationPortrait UIInterfaceOrientationPortraitUpsideDown UIInterfaceOrientationLandscapeLeft UIInterfaceOrientationLandscapeRight";
				INFOPLIST_KEY_UISupportedInterfaceOrientations_iPhone = "UIInterfaceOrientationPortrait UIInterfaceOrientationLandscapeLeft UIInterfaceOrientationLandscapeRight";
				IPHONEOS_DEPLOYMENT_TARGET = 13.0;
				LD_RUNPATH_SEARCH_PATHS = (
					"$(inherited)",
					"@executable_path/Frameworks",
				);
				MARKETING_VERSION = 1.0;
				PRODUCT_BUNDLE_IDENTIFIER = com.alekseydolinin.slap;
				PRODUCT_NAME = "Hand Slap";
				SWIFT_EMIT_LOC_STRINGS = YES;
				SWIFT_VERSION = 5.0;
				TARGETED_DEVICE_FAMILY = 1;
			};
			name = Release;
		};
/* End XCBuildConfiguration section */

/* Begin XCConfigurationList section */
		916FCCF4275658F0002CD0F5 /* Build configuration list for PBXProject "Hand Slap" */ = {
			isa = XCConfigurationList;
			buildConfigurations = (
				916FCD0E275658F1002CD0F5 /* Debug */,
				916FCD0F275658F1002CD0F5 /* Release */,
			);
			defaultConfigurationIsVisible = 0;
			defaultConfigurationName = Release;
		};
		916FCD10275658F1002CD0F5 /* Build configuration list for PBXNativeTarget "Hand Slap" */ = {
			isa = XCConfigurationList;
			buildConfigurations = (
				916FCD11275658F1002CD0F5 /* Debug */,
				916FCD12275658F1002CD0F5 /* Release */,
			);
			defaultConfigurationIsVisible = 0;
			defaultConfigurationName = Release;
		};
/* End XCConfigurationList section */
	};
	rootObject = 916FCCF1275658F0002CD0F5 /* Project object */;
}
